
Microsoft Visual Studio Solution File, Format Version 12.00
# Visual Studio Version 16
VisualStudioVersion = 16.0.30804.86
MinimumVisualStudioVersion = 10.0.40219.1
Project("{8BC9CEB8-8B4A-11D0-8D11-00A0C91BC942}") = "App", "App\App.vcxproj", "{91193543-11D1-4111-B19B-9A49EAD5B58F}"
EndProject
Project("{9A19103F-16F7-4668-BE54-9A1E7A4F7556}") = "Coords", "Coords\Coords.csproj", "{801693B5-70B1-4DA6-A899-8199AE10B4FD}"
EndProject
Project("{2150E333-8FDC-42A3-9474-1A3956D46DE8}") = "Solution Items", "Solution Items", "{1B7B401B-FB9F-4160-BEF5-541D8A0AFAD6}"
EndProject
Project("{FAE04EC0-301F-11D3-BF4B-00C04F79EFBC}") = "CsApp", "CsApp\CsApp.csproj", "{CF3760EE-C4D4-4CB0-B51E-ECB01D302F38}"
EndProject
Global
	GlobalSection(SolutionConfigurationPlatforms) = preSolution
		Debug|Any CPU = Debug|Any CPU
		Debug|x64 = Debug|x64
		Debug|x86 = Debug|x86
		Release|Any CPU = Release|Any CPU
		Release|x64 = Release|x64
		Release|x86 = Release|x86
	EndGlobalSection
	GlobalSection(ProjectConfigurationPlatforms) = postSolution
		{91193543-11D1-4111-B19B-9A49EAD5B58F}.Debug|Any CPU.ActiveCfg = Debug|Win32
		{91193543-11D1-4111-B19B-9A49EAD5B58F}.Debug|x64.ActiveCfg = Debug|x64
		{91193543-11D1-4111-B19B-9A49EAD5B58F}.Debug|x64.Build.0 = Debug|x64
		{91193543-11D1-4111-B19B-9A49EAD5B58F}.Debug|x86.ActiveCfg = Debug|x64
		{91193543-11D1-4111-B19B-9A49EAD5B58F}.Debug|x86.Build.0 = Debug|x64
		{91193543-11D1-4111-B19B-9A49EAD5B58F}.Release|Any CPU.ActiveCfg = Release|Win32
		{91193543-11D1-4111-B19B-9A49EAD5B58F}.Release|x64.ActiveCfg = Release|x64
		{91193543-11D1-4111-B19B-9A49EAD5B58F}.Release|x64.Build.0 = Release|x64
		{91193543-11D1-4111-B19B-9A49EAD5B58F}.Release|x86.ActiveCfg = Release|Win32
		{91193543-11D1-4111-B19B-9A49EAD5B58F}.Release|x86.Build.0 = Release|Win32
		{801693B5-70B1-4DA6-A899-8199AE10B4FD}.Debug|Any CPU.ActiveCfg = Debug|Any CPU
		{801693B5-70B1-4DA6-A899-8199AE10B4FD}.Debug|Any CPU.Build.0 = Debug|Any CPU
		{801693B5-70B1-4DA6-A899-8199AE10B4FD}.Debug|x64.ActiveCfg = Debug|x64
		{801693B5-70B1-4DA6-A899-8199AE10B4FD}.Debug|x64.Build.0 = Debug|x64
		{801693B5-70B1-4DA6-A899-8199AE10B4FD}.Debug|x86.ActiveCfg = Debug|x64
		{801693B5-70B1-4DA6-A899-8199AE10B4FD}.Debug|x86.Build.0 = Debug|x64
		{801693B5-70B1-4DA6-A899-8199AE10B4FD}.Release|Any CPU.ActiveCfg = Release|Any CPU
		{801693B5-70B1-4DA6-A899-8199AE10B4FD}.Release|Any CPU.Build.0 = Release|Any CPU
		{801693B5-70B1-4DA6-A899-8199AE10B4FD}.Release|x64.ActiveCfg = Release|Any CPU
		{801693B5-70B1-4DA6-A899-8199AE10B4FD}.Release|x64.Build.0 = Release|Any CPU
		{801693B5-70B1-4DA6-A899-8199AE10B4FD}.Release|x86.ActiveCfg = Release|Any CPU
		{801693B5-70B1-4DA6-A899-8199AE10B4FD}.Release|x86.Build.0 = Release|Any CPU
		{CF3760EE-C4D4-4CB0-B51E-ECB01D302F38}.Debug|Any CPU.ActiveCfg = Debug|Any CPU
		{CF3760EE-C4D4-4CB0-B51E-ECB01D302F38}.Debug|Any CPU.Build.0 = Debug|Any CPU
		{CF3760EE-C4D4-4CB0-B51E-ECB01D302F38}.Debug|x64.ActiveCfg = Debug|Any CPU
		{CF3760EE-C4D4-4CB0-B51E-ECB01D302F38}.Debug|x64.Build.0 = Debug|Any CPU
		{CF3760EE-C4D4-4CB0-B51E-ECB01D302F38}.Debug|x86.ActiveCfg = Debug|Any CPU
		{CF3760EE-C4D4-4CB0-B51E-ECB01D302F38}.Debug|x86.Build.0 = Debug|Any CPU
		{CF3760EE-C4D4-4CB0-B51E-ECB01D302F38}.Release|Any CPU.ActiveCfg = Release|Any CPU
		{CF3760EE-C4D4-4CB0-B51E-ECB01D302F38}.Release|Any CPU.Build.0 = Release|Any CPU
		{CF3760EE-C4D4-4CB0-B51E-ECB01D302F38}.Release|x64.ActiveCfg = Release|Any CPU
		{CF3760EE-C4D4-4CB0-B51E-ECB01D302F38}.Release|x64.Build.0 = Release|Any CPU
		{CF3760EE-C4D4-4CB0-B51E-ECB01D302F38}.Release|x86.ActiveCfg = Release|Any CPU
		{CF3760EE-C4D4-4CB0-B51E-ECB01D302F38}.Release|x86.Build.0 = Release|Any CPU
	EndGlobalSection
	GlobalSection(SolutionProperties) = preSolution
		HideSolutionNode = FALSE
	EndGlobalSection
	GlobalSection(ExtensibilityGlobals) = postSolution
		SolutionGuid = {BB58DFA0-B48F-4B1E-9C95-D264FCBFDF4B}
	EndGlobalSection
EndGlobal
