
Microsoft Visual Studio Solution File, Format Version 12.00
# Visual Studio Version 16
VisualStudioVersion = 16.0.30804.86
MinimumVisualStudioVersion = 10.0.40219.1
Project("{FAE04EC0-301F-11D3-BF4B-00C04F79EFBC}") = "Demo", "Demo\Demo.csproj", "{8AE44EEE-83C9-425F-8383-6B79FAF4B736}"
EndProject
Global
	GlobalSection(SolutionConfigurationPlatforms) = preSolution
		Debug|Any CPU = Debug|Any CPU
		Release|Any CPU = Release|Any CPU
	EndGlobalSection
	GlobalSection(ProjectConfigurationPlatforms) = postSolution
		{8AE44EEE-83C9-425F-8383-6B79FAF4B736}.Debug|Any CPU.ActiveCfg = Debug|x64
		{8AE44EEE-83C9-425F-8383-6B79FAF4B736}.Debug|Any CPU.Build.0 = Debug|x64
		{8AE44EEE-83C9-425F-8383-6B79FAF4B736}.Release|Any CPU.ActiveCfg = Release|Any CPU
		{8AE44EEE-83C9-425F-8383-6B79FAF4B736}.Release|Any CPU.Build.0 = Release|Any CPU
	EndGlobalSection
	GlobalSection(SolutionProperties) = preSolution
		HideSolutionNode = FALSE
	EndGlobalSection
	GlobalSection(ExtensibilityGlobals) = postSolution
		SolutionGuid = {20B84DC3-3965-4912-ADCA-444625ACCB25}
	EndGlobalSection
EndGlobal
